
Microsoft Visual Studio Solution File, Format Version 12.00
# Visual Studio Version 17
VisualStudioVersion = 17.0.31912.275
MinimumVisualStudioVersion = 10.0.40219.1
Project("{9A19103F-16F7-4668-BE54-9A1E7A4F7556}") = "CryptoDoge.Server", "CryptoDoge.Server.csproj", "{46C2CDBE-F33E-4FF9-8D70-6414082D17CD}"
EndProject
Project("{9A19103F-16F7-4668-BE54-9A1E7A4F7556}") = "CryptoDoge.ParserService", "..\CryptoDoge.ParserService\CryptoDoge.ParserService.csproj", "{00DA4BBA-9E6F-4F53-92AF-83FD6E7909B8}"
EndProject
Project("{9A19103F-16F7-4668-BE54-9A1E7A4F7556}") = "CryptoDoge.ParserService.UnitTests", "..\CryptoDoge.ParserService.UnitTests\CryptoDoge.ParserService.UnitTests.csproj", "{940FD39A-7781-4983-A436-16C4B8797095}"
EndProject
Project("{9A19103F-16F7-4668-BE54-9A1E7A4F7556}") = "CryptoDoge.Shared", "..\CryptoDoge.Shared\CryptoDoge.Shared.csproj", "{BA37160E-0FDA-4B63-AAD6-1051200B3E35}"
EndProject
Project("{9A19103F-16F7-4668-BE54-9A1E7A4F7556}") = "CryptoDoge.Model", "..\CryptoDoge.Model\CryptoDoge.Model.csproj", "{374F2561-19E0-48EC-AB76-33E9BEE8AD22}"
EndProject
Project("{9A19103F-16F7-4668-BE54-9A1E7A4F7556}") = "CryptoDoge.DAL", "..\CryptoDoge.DAL\CryptoDoge.DAL.csproj", "{F7AA2F6A-53AA-42AB-9B96-A54836D4DC3B}"
EndProject
Project("{9A19103F-16F7-4668-BE54-9A1E7A4F7556}") = "CryptoDoge.BLL", "..\CryptoDoge.BLL\CryptoDoge.BLL.csproj", "{C554BBAF-BD3C-4A1E-A25A-594D4D1B7A31}"
EndProject
Project("{9A19103F-16F7-4668-BE54-9A1E7A4F7556}") = "CryptoDoge.DAL.UnitTests", "..\CryptoDoge.DAL.UnitTests\CryptoDoge.DAL.UnitTests.csproj", "{CB169880-EEFC-40A9-BD11-B09216BD1DF2}"
EndProject
Project("{9A19103F-16F7-4668-BE54-9A1E7A4F7556}") = "CryptoDoge.BLL.UnitTests", "..\CryptoDoge.BLL.UnitTests\CryptoDoge.BLL.UnitTests.csproj", "{08E26C58-241A-4AA7-8D35-F654E3996675}"
EndProject
Project("{FAE04EC0-301F-11D3-BF4B-00C04F79EFBC}") = "CryptoDoge.Server.Tests", "..\CryptoDoge.Server.Tests\CryptoDoge.Server.Tests.csproj", "{09346477-A89F-4B50-BE12-A20B9BD4D3DF}"
EndProject
Global
	GlobalSection(SolutionConfigurationPlatforms) = preSolution
		Debug|Any CPU = Debug|Any CPU
		Release|Any CPU = Release|Any CPU
	EndGlobalSection
	GlobalSection(ProjectConfigurationPlatforms) = postSolution
		{46C2CDBE-F33E-4FF9-8D70-6414082D17CD}.Debug|Any CPU.ActiveCfg = Debug|Any CPU
		{46C2CDBE-F33E-4FF9-8D70-6414082D17CD}.Debug|Any CPU.Build.0 = Debug|Any CPU
		{46C2CDBE-F33E-4FF9-8D70-6414082D17CD}.Release|Any CPU.ActiveCfg = Release|Any CPU
		{46C2CDBE-F33E-4FF9-8D70-6414082D17CD}.Release|Any CPU.Build.0 = Release|Any CPU
		{00DA4BBA-9E6F-4F53-92AF-83FD6E7909B8}.Debug|Any CPU.ActiveCfg = Debug|Any CPU
		{00DA4BBA-9E6F-4F53-92AF-83FD6E7909B8}.Debug|Any CPU.Build.0 = Debug|Any CPU
		{00DA4BBA-9E6F-4F53-92AF-83FD6E7909B8}.Release|Any CPU.ActiveCfg = Release|Any CPU
		{00DA4BBA-9E6F-4F53-92AF-83FD6E7909B8}.Release|Any CPU.Build.0 = Release|Any CPU
		{940FD39A-7781-4983-A436-16C4B8797095}.Debug|Any CPU.ActiveCfg = Debug|Any CPU
		{940FD39A-7781-4983-A436-16C4B8797095}.Debug|Any CPU.Build.0 = Debug|Any CPU
		{940FD39A-7781-4983-A436-16C4B8797095}.Release|Any CPU.ActiveCfg = Release|Any CPU
		{940FD39A-7781-4983-A436-16C4B8797095}.Release|Any CPU.Build.0 = Release|Any CPU
		{BA37160E-0FDA-4B63-AAD6-1051200B3E35}.Debug|Any CPU.ActiveCfg = Debug|Any CPU
		{BA37160E-0FDA-4B63-AAD6-1051200B3E35}.Debug|Any CPU.Build.0 = Debug|Any CPU
		{BA37160E-0FDA-4B63-AAD6-1051200B3E35}.Release|Any CPU.ActiveCfg = Release|Any CPU
		{BA37160E-0FDA-4B63-AAD6-1051200B3E35}.Release|Any CPU.Build.0 = Release|Any CPU
		{374F2561-19E0-48EC-AB76-33E9BEE8AD22}.Debug|Any CPU.ActiveCfg = Debug|Any CPU
		{374F2561-19E0-48EC-AB76-33E9BEE8AD22}.Debug|Any CPU.Build.0 = Debug|Any CPU
		{374F2561-19E0-48EC-AB76-33E9BEE8AD22}.Release|Any CPU.ActiveCfg = Release|Any CPU
		{374F2561-19E0-48EC-AB76-33E9BEE8AD22}.Release|Any CPU.Build.0 = Release|Any CPU
		{F7AA2F6A-53AA-42AB-9B96-A54836D4DC3B}.Debug|Any CPU.ActiveCfg = Debug|Any CPU
		{F7AA2F6A-53AA-42AB-9B96-A54836D4DC3B}.Debug|Any CPU.Build.0 = Debug|Any CPU
		{F7AA2F6A-53AA-42AB-9B96-A54836D4DC3B}.Release|Any CPU.ActiveCfg = Release|Any CPU
		{F7AA2F6A-53AA-42AB-9B96-A54836D4DC3B}.Release|Any CPU.Build.0 = Release|Any CPU
		{C554BBAF-BD3C-4A1E-A25A-594D4D1B7A31}.Debug|Any CPU.ActiveCfg = Debug|Any CPU
		{C554BBAF-BD3C-4A1E-A25A-594D4D1B7A31}.Debug|Any CPU.Build.0 = Debug|Any CPU
		{C554BBAF-BD3C-4A1E-A25A-594D4D1B7A31}.Release|Any CPU.ActiveCfg = Release|Any CPU
		{C554BBAF-BD3C-4A1E-A25A-594D4D1B7A31}.Release|Any CPU.Build.0 = Release|Any CPU
		{CB169880-EEFC-40A9-BD11-B09216BD1DF2}.Debug|Any CPU.ActiveCfg = Debug|Any CPU
		{CB169880-EEFC-40A9-BD11-B09216BD1DF2}.Debug|Any CPU.Build.0 = Debug|Any CPU
		{CB169880-EEFC-40A9-BD11-B09216BD1DF2}.Release|Any CPU.ActiveCfg = Release|Any CPU
		{CB169880-EEFC-40A9-BD11-B09216BD1DF2}.Release|Any CPU.Build.0 = Release|Any CPU
		{08E26C58-241A-4AA7-8D35-F654E3996675}.Debug|Any CPU.ActiveCfg = Debug|Any CPU
		{08E26C58-241A-4AA7-8D35-F654E3996675}.Debug|Any CPU.Build.0 = Debug|Any CPU
		{08E26C58-241A-4AA7-8D35-F654E3996675}.Release|Any CPU.ActiveCfg = Release|Any CPU
		{08E26C58-241A-4AA7-8D35-F654E3996675}.Release|Any CPU.Build.0 = Release|Any CPU
		{09346477-A89F-4B50-BE12-A20B9BD4D3DF}.Debug|Any CPU.ActiveCfg = Debug|Any CPU
		{09346477-A89F-4B50-BE12-A20B9BD4D3DF}.Debug|Any CPU.Build.0 = Debug|Any CPU
		{09346477-A89F-4B50-BE12-A20B9BD4D3DF}.Release|Any CPU.ActiveCfg = Release|Any CPU
		{09346477-A89F-4B50-BE12-A20B9BD4D3DF}.Release|Any CPU.Build.0 = Release|Any CPU
	EndGlobalSection
	GlobalSection(SolutionProperties) = preSolution
		HideSolutionNode = FALSE
	EndGlobalSection
	GlobalSection(ExtensibilityGlobals) = postSolution
		SolutionGuid = {F682D19C-90C2-4DE1-9465-FA9D0D7F467D}
	EndGlobalSection
EndGlobal
